// !$*UTF8*$!
{
	archiveVersion = 1;
	classes = {
	};
	objectVersion = 56;
	objects = {

/* Begin PBXBuildFile section */
		091D4FAC2C3A482E00FEF9DA /* extensions.swift in Sources */ = {isa = PBXBuildFile; fileRef = 091D4FAB2C3A482E00FEF9DA /* extensions.swift */; };
		095117A42C37732F001EFB3B /* ProfileView.swift in Sources */ = {isa = PBXBuildFile; fileRef = 095117A32C37732F001EFB3B /* ProfileView.swift */; };
		095117A62C3774AE001EFB3B /* DeviceListView.swift in Sources */ = {isa = PBXBuildFile; fileRef = 095117A52C3774AE001EFB3B /* DeviceListView.swift */; };
		095117AA2C3774E8001EFB3B /* LoginView.swift in Sources */ = {isa = PBXBuildFile; fileRef = 095117A92C3774E8001EFB3B /* LoginView.swift */; };
		095117AD2C377A7B001EFB3B /* DeviceRowComponent.swift in Sources */ = {isa = PBXBuildFile; fileRef = 095117AC2C377A7B001EFB3B /* DeviceRowComponent.swift */; };
		095117AF2C377A9B001EFB3B /* DeviceView.swift in Sources */ = {isa = PBXBuildFile; fileRef = 095117AE2C377A9B001EFB3B /* DeviceView.swift */; };
		095117B12C377D5E001EFB3B /* User.swift in Sources */ = {isa = PBXBuildFile; fileRef = 095117B02C377D5E001EFB3B /* User.swift */; };
		095117B32C377D75001EFB3B /* Device.swift in Sources */ = {isa = PBXBuildFile; fileRef = 095117B22C377D75001EFB3B /* Device.swift */; };
		095117B82C377EB4001EFB3B /* ProfileViewModel.swift in Sources */ = {isa = PBXBuildFile; fileRef = 095117B72C377EB4001EFB3B /* ProfileViewModel.swift */; };
		095117BA2C377ED3001EFB3B /* DeviceListViewModel.swift in Sources */ = {isa = PBXBuildFile; fileRef = 095117B92C377ED3001EFB3B /* DeviceListViewModel.swift */; };
		095117BC2C377F64001EFB3B /* ScanNewDeviceListView.swift in Sources */ = {isa = PBXBuildFile; fileRef = 095117BB2C377F64001EFB3B /* ScanNewDeviceListView.swift */; };
		095117BE2C378390001EFB3B /* NameNewDeviceView.swift in Sources */ = {isa = PBXBuildFile; fileRef = 095117BD2C378390001EFB3B /* NameNewDeviceView.swift */; };
		095117C22C378FC9001EFB3B /* ConnectDeviceWifiView.swift in Sources */ = {isa = PBXBuildFile; fileRef = 095117C12C378FC9001EFB3B /* ConnectDeviceWifiView.swift */; };
		095117C42C378FDE001EFB3B /* ConnectDeviceWifiViewModel.swift in Sources */ = {isa = PBXBuildFile; fileRef = 095117C32C378FDE001EFB3B /* ConnectDeviceWifiViewModel.swift */; };
		095117C62C379005001EFB3B /* DeviceViewModel.swift in Sources */ = {isa = PBXBuildFile; fileRef = 095117C52C379005001EFB3B /* DeviceViewModel.swift */; };
		095117C82C379047001EFB3B /* ScanNewDeviceListViewModel.swift in Sources */ = {isa = PBXBuildFile; fileRef = 095117C72C379047001EFB3B /* ScanNewDeviceListViewModel.swift */; };
		095117CA2C37905D001EFB3B /* LoginViewModel.swift in Sources */ = {isa = PBXBuildFile; fileRef = 095117C92C37905D001EFB3B /* LoginViewModel.swift */; };
		095117CC2C37908D001EFB3B /* NameNewDeviceViewModel.swift in Sources */ = {isa = PBXBuildFile; fileRef = 095117CB2C37908D001EFB3B /* NameNewDeviceViewModel.swift */; };
		095117D02C379362001EFB3B /* ScanDeviceComponent.swift in Sources */ = {isa = PBXBuildFile; fileRef = 095117CF2C379362001EFB3B /* ScanDeviceComponent.swift */; };
		095117D22C37938B001EFB3B /* DeviceRowComponentModel.swift in Sources */ = {isa = PBXBuildFile; fileRef = 095117D12C37938B001EFB3B /* DeviceRowComponentModel.swift */; };
		095117D42C3793B3001EFB3B /* ScanDeviceComponentModel.swift in Sources */ = {isa = PBXBuildFile; fileRef = 095117D32C3793B3001EFB3B /* ScanDeviceComponentModel.swift */; };
		095117D62C37945D001EFB3B /* SettingsView.swift in Sources */ = {isa = PBXBuildFile; fileRef = 095117D52C37945D001EFB3B /* SettingsView.swift */; };
		095117D82C379474001EFB3B /* AboutView.swift in Sources */ = {isa = PBXBuildFile; fileRef = 095117D72C379474001EFB3B /* AboutView.swift */; };
		095117DA2C379487001EFB3B /* SettingsViewModel.swift in Sources */ = {isa = PBXBuildFile; fileRef = 095117D92C379487001EFB3B /* SettingsViewModel.swift */; };
		095117DC2C379491001EFB3B /* AboutViewModel.swift in Sources */ = {isa = PBXBuildFile; fileRef = 095117DB2C379491001EFB3B /* AboutViewModel.swift */; };
		09A5B8D72C371DE100AA1DFF /* thermostatterApp.swift in Sources */ = {isa = PBXBuildFile; fileRef = 09A5B8D62C371DE100AA1DFF /* thermostatterApp.swift */; };
		09A5B8D92C371DE100AA1DFF /* MainView.swift in Sources */ = {isa = PBXBuildFile; fileRef = 09A5B8D82C371DE100AA1DFF /* MainView.swift */; };
		09A5B8DD2C371DE200AA1DFF /* Assets.xcassets in Resources */ = {isa = PBXBuildFile; fileRef = 09A5B8DC2C371DE200AA1DFF /* Assets.xcassets */; };
		09A5B8E02C371DE200AA1DFF /* Preview Assets.xcassets in Resources */ = {isa = PBXBuildFile; fileRef = 09A5B8DF2C371DE200AA1DFF /* Preview Assets.xcassets */; };
		09BC3D6A2C3AF762008624FB /* GlobalAuth.swift in Sources */ = {isa = PBXBuildFile; fileRef = 09BC3D692C3AF762008624FB /* GlobalAuth.swift */; };
		09C16FA42C4343F0009D5C27 /* HelloWorld.swift in Sources */ = {isa = PBXBuildFile; fileRef = 09C16FA32C4343F0009D5C27 /* HelloWorld.swift */; };
		09C16FA62C442191009D5C27 /* Auth.swift in Sources */ = {isa = PBXBuildFile; fileRef = 09C16FA52C442191009D5C27 /* Auth.swift */; };
		09C16FA82C4421A0009D5C27 /* KeychainService.swift in Sources */ = {isa = PBXBuildFile; fileRef = 09C16FA72C4421A0009D5C27 /* KeychainService.swift */; };
		09D5E6B02C3C45120094D4EA /* Host.swift in Sources */ = {isa = PBXBuildFile; fileRef = 09D5E6AF2C3C45120094D4EA /* Host.swift */; };
/* End PBXBuildFile section */

/* Begin PBXFileReference section */
		091D4FA72C3A21F000FEF9DA /* thermostatter.entitlements */ = {isa = PBXFileReference; lastKnownFileType = text.plist.entitlements; path = thermostatter.entitlements; sourceTree = "<group>"; };
		091D4FA82C3A247600FEF9DA /* Info.plist */ = {isa = PBXFileReference; lastKnownFileType = text.plist; path = Info.plist; sourceTree = "<group>"; };
		091D4FAB2C3A482E00FEF9DA /* extensions.swift */ = {isa = PBXFileReference; lastKnownFileType = sourcecode.swift; path = extensions.swift; sourceTree = "<group>"; };
		095117A32C37732F001EFB3B /* ProfileView.swift */ = {isa = PBXFileReference; lastKnownFileType = sourcecode.swift; path = ProfileView.swift; sourceTree = "<group>"; };
		095117A52C3774AE001EFB3B /* DeviceListView.swift */ = {isa = PBXFileReference; lastKnownFileType = sourcecode.swift; path = DeviceListView.swift; sourceTree = "<group>"; };
		095117A92C3774E8001EFB3B /* LoginView.swift */ = {isa = PBXFileReference; lastKnownFileType = sourcecode.swift; path = LoginView.swift; sourceTree = "<group>"; };
		095117AC2C377A7B001EFB3B /* DeviceRowComponent.swift */ = {isa = PBXFileReference; lastKnownFileType = sourcecode.swift; path = DeviceRowComponent.swift; sourceTree = "<group>"; };
		095117AE2C377A9B001EFB3B /* DeviceView.swift */ = {isa = PBXFileReference; lastKnownFileType = sourcecode.swift; path = DeviceView.swift; sourceTree = "<group>"; };
		095117B02C377D5E001EFB3B /* User.swift */ = {isa = PBXFileReference; lastKnownFileType = sourcecode.swift; path = User.swift; sourceTree = "<group>"; };
		095117B22C377D75001EFB3B /* Device.swift */ = {isa = PBXFileReference; lastKnownFileType = sourcecode.swift; path = Device.swift; sourceTree = "<group>"; };
		095117B72C377EB4001EFB3B /* ProfileViewModel.swift */ = {isa = PBXFileReference; lastKnownFileType = sourcecode.swift; path = ProfileViewModel.swift; sourceTree = "<group>"; };
		095117B92C377ED3001EFB3B /* DeviceListViewModel.swift */ = {isa = PBXFileReference; lastKnownFileType = sourcecode.swift; path = DeviceListViewModel.swift; sourceTree = "<group>"; };
		095117BB2C377F64001EFB3B /* ScanNewDeviceListView.swift */ = {isa = PBXFileReference; lastKnownFileType = sourcecode.swift; path = ScanNewDeviceListView.swift; sourceTree = "<group>"; };
		095117BD2C378390001EFB3B /* NameNewDeviceView.swift */ = {isa = PBXFileReference; lastKnownFileType = sourcecode.swift; path = NameNewDeviceView.swift; sourceTree = "<group>"; };
		095117C12C378FC9001EFB3B /* ConnectDeviceWifiView.swift */ = {isa = PBXFileReference; lastKnownFileType = sourcecode.swift; path = ConnectDeviceWifiView.swift; sourceTree = "<group>"; };
		095117C32C378FDE001EFB3B /* ConnectDeviceWifiViewModel.swift */ = {isa = PBXFileReference; lastKnownFileType = sourcecode.swift; path = ConnectDeviceWifiViewModel.swift; sourceTree = "<group>"; };
		095117C52C379005001EFB3B /* DeviceViewModel.swift */ = {isa = PBXFileReference; lastKnownFileType = sourcecode.swift; path = DeviceViewModel.swift; sourceTree = "<group>"; };
		095117C72C379047001EFB3B /* ScanNewDeviceListViewModel.swift */ = {isa = PBXFileReference; lastKnownFileType = sourcecode.swift; path = ScanNewDeviceListViewModel.swift; sourceTree = "<group>"; };
		095117C92C37905D001EFB3B /* LoginViewModel.swift */ = {isa = PBXFileReference; lastKnownFileType = sourcecode.swift; path = LoginViewModel.swift; sourceTree = "<group>"; };
		095117CB2C37908D001EFB3B /* NameNewDeviceViewModel.swift */ = {isa = PBXFileReference; lastKnownFileType = sourcecode.swift; path = NameNewDeviceViewModel.swift; sourceTree = "<group>"; };
		095117CF2C379362001EFB3B /* ScanDeviceComponent.swift */ = {isa = PBXFileReference; lastKnownFileType = sourcecode.swift; path = ScanDeviceComponent.swift; sourceTree = "<group>"; };
		095117D12C37938B001EFB3B /* DeviceRowComponentModel.swift */ = {isa = PBXFileReference; lastKnownFileType = sourcecode.swift; path = DeviceRowComponentModel.swift; sourceTree = "<group>"; };
		095117D32C3793B3001EFB3B /* ScanDeviceComponentModel.swift */ = {isa = PBXFileReference; lastKnownFileType = sourcecode.swift; path = ScanDeviceComponentModel.swift; sourceTree = "<group>"; };
		095117D52C37945D001EFB3B /* SettingsView.swift */ = {isa = PBXFileReference; lastKnownFileType = sourcecode.swift; path = SettingsView.swift; sourceTree = "<group>"; };
		095117D72C379474001EFB3B /* AboutView.swift */ = {isa = PBXFileReference; lastKnownFileType = sourcecode.swift; path = AboutView.swift; sourceTree = "<group>"; };
		095117D92C379487001EFB3B /* SettingsViewModel.swift */ = {isa = PBXFileReference; lastKnownFileType = sourcecode.swift; path = SettingsViewModel.swift; sourceTree = "<group>"; };
		095117DB2C379491001EFB3B /* AboutViewModel.swift */ = {isa = PBXFileReference; lastKnownFileType = sourcecode.swift; path = AboutViewModel.swift; sourceTree = "<group>"; };
		09A5B8D32C371DE100AA1DFF /* thermostatter.app */ = {isa = PBXFileReference; explicitFileType = wrapper.application; includeInIndex = 0; path = thermostatter.app; sourceTree = BUILT_PRODUCTS_DIR; };
		09A5B8D62C371DE100AA1DFF /* thermostatterApp.swift */ = {isa = PBXFileReference; lastKnownFileType = sourcecode.swift; path = thermostatterApp.swift; sourceTree = "<group>"; };
		09A5B8D82C371DE100AA1DFF /* MainView.swift */ = {isa = PBXFileReference; lastKnownFileType = sourcecode.swift; path = MainView.swift; sourceTree = "<group>"; };
		09A5B8DC2C371DE200AA1DFF /* Assets.xcassets */ = {isa = PBXFileReference; lastKnownFileType = folder.assetcatalog; path = Assets.xcassets; sourceTree = "<group>"; };
		09A5B8DF2C371DE200AA1DFF /* Preview Assets.xcassets */ = {isa = PBXFileReference; lastKnownFileType = folder.assetcatalog; path = "Preview Assets.xcassets"; sourceTree = "<group>"; };
		09BC3D692C3AF762008624FB /* GlobalAuth.swift */ = {isa = PBXFileReference; lastKnownFileType = sourcecode.swift; path = GlobalAuth.swift; sourceTree = "<group>"; };
		09C16FA32C4343F0009D5C27 /* HelloWorld.swift */ = {isa = PBXFileReference; lastKnownFileType = sourcecode.swift; path = HelloWorld.swift; sourceTree = "<group>"; };
		09C16FA52C442191009D5C27 /* Auth.swift */ = {isa = PBXFileReference; lastKnownFileType = sourcecode.swift; path = Auth.swift; sourceTree = "<group>"; };
		09C16FA72C4421A0009D5C27 /* KeychainService.swift */ = {isa = PBXFileReference; lastKnownFileType = sourcecode.swift; path = KeychainService.swift; sourceTree = "<group>"; };
		09D5E6AF2C3C45120094D4EA /* Host.swift */ = {isa = PBXFileReference; lastKnownFileType = sourcecode.swift; path = Host.swift; sourceTree = "<group>"; };
/* End PBXFileReference section */

/* Begin PBXFrameworksBuildPhase section */
		09A5B8D02C371DE100AA1DFF /* Frameworks */ = {
			isa = PBXFrameworksBuildPhase;
			buildActionMask = 2147483647;
			files = (
			);
			runOnlyForDeploymentPostprocessing = 0;
		};
/* End PBXFrameworksBuildPhase section */

/* Begin PBXGroup section */
		095117A12C3772C5001EFB3B /* views */ = {
			isa = PBXGroup;
			children = (
				09A5B8D82C371DE100AA1DFF /* MainView.swift */,
				095117A32C37732F001EFB3B /* ProfileView.swift */,
				095117A52C3774AE001EFB3B /* DeviceListView.swift */,
				095117A92C3774E8001EFB3B /* LoginView.swift */,
				095117AE2C377A9B001EFB3B /* DeviceView.swift */,
				095117BB2C377F64001EFB3B /* ScanNewDeviceListView.swift */,
				095117BD2C378390001EFB3B /* NameNewDeviceView.swift */,
				095117C12C378FC9001EFB3B /* ConnectDeviceWifiView.swift */,
				095117D52C37945D001EFB3B /* SettingsView.swift */,
				095117D72C379474001EFB3B /* AboutView.swift */,
			);
			path = views;
			sourceTree = "<group>";
		};
		095117A22C3772D4001EFB3B /* models */ = {
			isa = PBXGroup;
			children = (
				095117B02C377D5E001EFB3B /* User.swift */,
				095117B22C377D75001EFB3B /* Device.swift */,
				09BC3D692C3AF762008624FB /* GlobalAuth.swift */,
			);
			path = models;
			sourceTree = "<group>";
		};
		095117AB2C377A4A001EFB3B /* components */ = {
			isa = PBXGroup;
			children = (
				095117AC2C377A7B001EFB3B /* DeviceRowComponent.swift */,
				095117CF2C379362001EFB3B /* ScanDeviceComponent.swift */,
			);
			path = components;
			sourceTree = "<group>";
		};
		095117B42C377E8A001EFB3B /* viewmodels */ = {
			isa = PBXGroup;
			children = (
				095117B72C377EB4001EFB3B /* ProfileViewModel.swift */,
				095117B92C377ED3001EFB3B /* DeviceListViewModel.swift */,
				095117C32C378FDE001EFB3B /* ConnectDeviceWifiViewModel.swift */,
				095117C52C379005001EFB3B /* DeviceViewModel.swift */,
				095117C72C379047001EFB3B /* ScanNewDeviceListViewModel.swift */,
				095117C92C37905D001EFB3B /* LoginViewModel.swift */,
				095117CB2C37908D001EFB3B /* NameNewDeviceViewModel.swift */,
				095117D12C37938B001EFB3B /* DeviceRowComponentModel.swift */,
				095117D32C3793B3001EFB3B /* ScanDeviceComponentModel.swift */,
				095117D92C379487001EFB3B /* SettingsViewModel.swift */,
				095117DB2C379491001EFB3B /* AboutViewModel.swift */,
			);
			path = viewmodels;
			sourceTree = "<group>";
		};
		09A5B8CA2C371DE100AA1DFF = {
			isa = PBXGroup;
			children = (
				09A5B8D52C371DE100AA1DFF /* thermostatter */,
				09A5B8D42C371DE100AA1DFF /* Products */,
			);
			sourceTree = "<group>";
		};
		09A5B8D42C371DE100AA1DFF /* Products */ = {
			isa = PBXGroup;
			children = (
				09A5B8D32C371DE100AA1DFF /* thermostatter.app */,
			);
			name = Products;
			sourceTree = "<group>";
		};
		09A5B8D52C371DE100AA1DFF /* thermostatter */ = {
			isa = PBXGroup;
			children = (
				09D5E6AE2C3C44E10094D4EA /* api */,
				091D4FAB2C3A482E00FEF9DA /* extensions.swift */,
				091D4FA82C3A247600FEF9DA /* Info.plist */,
				091D4FA72C3A21F000FEF9DA /* thermostatter.entitlements */,
				095117B42C377E8A001EFB3B /* viewmodels */,
				095117AB2C377A4A001EFB3B /* components */,
				09A5B8D62C371DE100AA1DFF /* thermostatterApp.swift */,
				095117A12C3772C5001EFB3B /* views */,
				095117A22C3772D4001EFB3B /* models */,
				09A5B8DC2C371DE200AA1DFF /* Assets.xcassets */,
				09A5B8DE2C371DE200AA1DFF /* Preview Content */,
			);
			path = thermostatter;
			sourceTree = "<group>";
		};
		09A5B8DE2C371DE200AA1DFF /* Preview Content */ = {
			isa = PBXGroup;
			children = (
				09A5B8DF2C371DE200AA1DFF /* Preview Assets.xcassets */,
			);
			path = "Preview Content";
			sourceTree = "<group>";
		};
		09D5E6AE2C3C44E10094D4EA /* api */ = {
			isa = PBXGroup;
			children = (
				09D5E6AF2C3C45120094D4EA /* Host.swift */,
				09C16FA32C4343F0009D5C27 /* HelloWorld.swift */,
				09C16FA52C442191009D5C27 /* Auth.swift */,
				09C16FA72C4421A0009D5C27 /* KeychainService.swift */,
			);
			path = api;
			sourceTree = "<group>";
		};
/* End PBXGroup section */

/* Begin PBXNativeTarget section */
		09A5B8D22C371DE100AA1DFF /* thermostatter */ = {
			isa = PBXNativeTarget;
			buildConfigurationList = 09A5B8E32C371DE200AA1DFF /* Build configuration list for PBXNativeTarget "thermostatter" */;
			buildPhases = (
				09A5B8CF2C371DE100AA1DFF /* Sources */,
				09A5B8D02C371DE100AA1DFF /* Frameworks */,
				09A5B8D12C371DE100AA1DFF /* Resources */,
			);
			buildRules = (
			);
			dependencies = (
			);
			name = thermostatter;
			productName = thermostatter;
			productReference = 09A5B8D32C371DE100AA1DFF /* thermostatter.app */;
			productType = "com.apple.product-type.application";
		};
/* End PBXNativeTarget section */

/* Begin PBXProject section */
		09A5B8CB2C371DE100AA1DFF /* Project object */ = {
			isa = PBXProject;
			attributes = {
				BuildIndependentTargetsInParallel = 1;
				LastSwiftUpdateCheck = 1540;
				LastUpgradeCheck = 1540;
				TargetAttributes = {
					09A5B8D22C371DE100AA1DFF = {
						CreatedOnToolsVersion = 15.4;
					};
				};
			};
			buildConfigurationList = 09A5B8CE2C371DE100AA1DFF /* Build configuration list for PBXProject "thermostatter" */;
			compatibilityVersion = "Xcode 14.0";
			developmentRegion = en;
			hasScannedForEncodings = 0;
			knownRegions = (
				en,
				Base,
			);
			mainGroup = 09A5B8CA2C371DE100AA1DFF;
			productRefGroup = 09A5B8D42C371DE100AA1DFF /* Products */;
			projectDirPath = "";
			projectRoot = "";
			targets = (
				09A5B8D22C371DE100AA1DFF /* thermostatter */,
			);
		};
/* End PBXProject section */

/* Begin PBXResourcesBuildPhase section */
		09A5B8D12C371DE100AA1DFF /* Resources */ = {
			isa = PBXResourcesBuildPhase;
			buildActionMask = 2147483647;
			files = (
				09A5B8E02C371DE200AA1DFF /* Preview Assets.xcassets in Resources */,
				09A5B8DD2C371DE200AA1DFF /* Assets.xcassets in Resources */,
			);
			runOnlyForDeploymentPostprocessing = 0;
		};
/* End PBXResourcesBuildPhase section */

/* Begin PBXSourcesBuildPhase section */
		09A5B8CF2C371DE100AA1DFF /* Sources */ = {
			isa = PBXSourcesBuildPhase;
			buildActionMask = 2147483647;
			files = (
				095117D42C3793B3001EFB3B /* ScanDeviceComponentModel.swift in Sources */,
				095117D22C37938B001EFB3B /* DeviceRowComponentModel.swift in Sources */,
				095117C42C378FDE001EFB3B /* ConnectDeviceWifiViewModel.swift in Sources */,
				09C16FA42C4343F0009D5C27 /* HelloWorld.swift in Sources */,
				095117C62C379005001EFB3B /* DeviceViewModel.swift in Sources */,
				095117C82C379047001EFB3B /* ScanNewDeviceListViewModel.swift in Sources */,
				095117A42C37732F001EFB3B /* ProfileView.swift in Sources */,
				091D4FAC2C3A482E00FEF9DA /* extensions.swift in Sources */,
				095117AA2C3774E8001EFB3B /* LoginView.swift in Sources */,
				095117C22C378FC9001EFB3B /* ConnectDeviceWifiView.swift in Sources */,
				095117AF2C377A9B001EFB3B /* DeviceView.swift in Sources */,
				095117D62C37945D001EFB3B /* SettingsView.swift in Sources */,
				095117D02C379362001EFB3B /* ScanDeviceComponent.swift in Sources */,
				09C16FA82C4421A0009D5C27 /* KeychainService.swift in Sources */,
				09A5B8D92C371DE100AA1DFF /* MainView.swift in Sources */,
				095117B12C377D5E001EFB3B /* User.swift in Sources */,
				095117B82C377EB4001EFB3B /* ProfileViewModel.swift in Sources */,
				095117CC2C37908D001EFB3B /* NameNewDeviceViewModel.swift in Sources */,
				095117BC2C377F64001EFB3B /* ScanNewDeviceListView.swift in Sources */,
				095117A62C3774AE001EFB3B /* DeviceListView.swift in Sources */,
				095117BE2C378390001EFB3B /* NameNewDeviceView.swift in Sources */,
				095117AD2C377A7B001EFB3B /* DeviceRowComponent.swift in Sources */,
				095117D82C379474001EFB3B /* AboutView.swift in Sources */,
				095117BA2C377ED3001EFB3B /* DeviceListViewModel.swift in Sources */,
				09D5E6B02C3C45120094D4EA /* Host.swift in Sources */,
				095117DA2C379487001EFB3B /* SettingsViewModel.swift in Sources */,
				09A5B8D72C371DE100AA1DFF /* thermostatterApp.swift in Sources */,
				095117B32C377D75001EFB3B /* Device.swift in Sources */,
				095117CA2C37905D001EFB3B /* LoginViewModel.swift in Sources */,
				09C16FA62C442191009D5C27 /* Auth.swift in Sources */,
				09BC3D6A2C3AF762008624FB /* GlobalAuth.swift in Sources */,
				095117DC2C379491001EFB3B /* AboutViewModel.swift in Sources */,
			);
			runOnlyForDeploymentPostprocessing = 0;
		};
/* End PBXSourcesBuildPhase section */

/* Begin XCBuildConfiguration section */
		09A5B8E12C371DE200AA1DFF /* Debug */ = {
			isa = XCBuildConfiguration;
			buildSettings = {
				ALWAYS_SEARCH_USER_PATHS = NO;
				ASSETCATALOG_COMPILER_GENERATE_SWIFT_ASSET_SYMBOL_EXTENSIONS = YES;
				CLANG_ANALYZER_NONNULL = YES;
				CLANG_ANALYZER_NUMBER_OBJECT_CONVERSION = YES_AGGRESSIVE;
				CLANG_CXX_LANGUAGE_STANDARD = "gnu++20";
				CLANG_ENABLE_MODULES = YES;
				CLANG_ENABLE_OBJC_ARC = YES;
				CLANG_ENABLE_OBJC_WEAK = YES;
				CLANG_WARN_BLOCK_CAPTURE_AUTORELEASING = YES;
				CLANG_WARN_BOOL_CONVERSION = YES;
				CLANG_WARN_COMMA = YES;
				CLANG_WARN_CONSTANT_CONVERSION = YES;
				CLANG_WARN_DEPRECATED_OBJC_IMPLEMENTATIONS = YES;
				CLANG_WARN_DIRECT_OBJC_ISA_USAGE = YES_ERROR;
				CLANG_WARN_DOCUMENTATION_COMMENTS = YES;
				CLANG_WARN_EMPTY_BODY = YES;
				CLANG_WARN_ENUM_CONVERSION = YES;
				CLANG_WARN_INFINITE_RECURSION = YES;
				CLANG_WARN_INT_CONVERSION = YES;
				CLANG_WARN_NON_LITERAL_NULL_CONVERSION = YES;
				CLANG_WARN_OBJC_IMPLICIT_RETAIN_SELF = YES;
				CLANG_WARN_OBJC_LITERAL_CONVERSION = YES;
				CLANG_WARN_OBJC_ROOT_CLASS = YES_ERROR;
				CLANG_WARN_QUOTED_INCLUDE_IN_FRAMEWORK_HEADER = YES;
				CLANG_WARN_RANGE_LOOP_ANALYSIS = YES;
				CLANG_WARN_STRICT_PROTOTYPES = YES;
				CLANG_WARN_SUSPICIOUS_MOVE = YES;
				CLANG_WARN_UNGUARDED_AVAILABILITY = YES_AGGRESSIVE;
				CLANG_WARN_UNREACHABLE_CODE = YES;
				CLANG_WARN__DUPLICATE_METHOD_MATCH = YES;
				COPY_PHASE_STRIP = NO;
				DEBUG_INFORMATION_FORMAT = dwarf;
				ENABLE_STRICT_OBJC_MSGSEND = YES;
				ENABLE_TESTABILITY = YES;
				ENABLE_USER_SCRIPT_SANDBOXING = YES;
				GCC_C_LANGUAGE_STANDARD = gnu17;
				GCC_DYNAMIC_NO_PIC = NO;
				GCC_NO_COMMON_BLOCKS = YES;
				GCC_OPTIMIZATION_LEVEL = 0;
				GCC_PREPROCESSOR_DEFINITIONS = (
					"DEBUG=1",
					"$(inherited)",
				);
				GCC_WARN_64_TO_32_BIT_CONVERSION = YES;
				GCC_WARN_ABOUT_RETURN_TYPE = YES_ERROR;
				GCC_WARN_UNDECLARED_SELECTOR = YES;
				GCC_WARN_UNINITIALIZED_AUTOS = YES_AGGRESSIVE;
				GCC_WARN_UNUSED_FUNCTION = YES;
				GCC_WARN_UNUSED_VARIABLE = YES;
				IPHONEOS_DEPLOYMENT_TARGET = 17.5;
				LOCALIZATION_PREFERS_STRING_CATALOGS = YES;
				MTL_ENABLE_DEBUG_INFO = INCLUDE_SOURCE;
				MTL_FAST_MATH = YES;
				ONLY_ACTIVE_ARCH = YES;
				SDKROOT = iphoneos;
				SWIFT_ACTIVE_COMPILATION_CONDITIONS = "DEBUG $(inherited)";
				SWIFT_OPTIMIZATION_LEVEL = "-Onone";
			};
			name = Debug;
		};
		09A5B8E22C371DE200AA1DFF /* Release */ = {
			isa = XCBuildConfiguration;
			buildSettings = {
				ALWAYS_SEARCH_USER_PATHS = NO;
				ASSETCATALOG_COMPILER_GENERATE_SWIFT_ASSET_SYMBOL_EXTENSIONS = YES;
				CLANG_ANALYZER_NONNULL = YES;
				CLANG_ANALYZER_NUMBER_OBJECT_CONVERSION = YES_AGGRESSIVE;
				CLANG_CXX_LANGUAGE_STANDARD = "gnu++20";
				CLANG_ENABLE_MODULES = YES;
				CLANG_ENABLE_OBJC_ARC = YES;
				CLANG_ENABLE_OBJC_WEAK = YES;
				CLANG_WARN_BLOCK_CAPTURE_AUTORELEASING = YES;
				CLANG_WARN_BOOL_CONVERSION = YES;
				CLANG_WARN_COMMA = YES;
				CLANG_WARN_CONSTANT_CONVERSION = YES;
				CLANG_WARN_DEPRECATED_OBJC_IMPLEMENTATIONS = YES;
				CLANG_WARN_DIRECT_OBJC_ISA_USAGE = YES_ERROR;
				CLANG_WARN_DOCUMENTATION_COMMENTS = YES;
				CLANG_WARN_EMPTY_BODY = YES;
				CLANG_WARN_ENUM_CONVERSION = YES;
				CLANG_WARN_INFINITE_RECURSION = YES;
				CLANG_WARN_INT_CONVERSION = YES;
				CLANG_WARN_NON_LITERAL_NULL_CONVERSION = YES;
				CLANG_WARN_OBJC_IMPLICIT_RETAIN_SELF = YES;
				CLANG_WARN_OBJC_LITERAL_CONVERSION = YES;
				CLANG_WARN_OBJC_ROOT_CLASS = YES_ERROR;
				CLANG_WARN_QUOTED_INCLUDE_IN_FRAMEWORK_HEADER = YES;
				CLANG_WARN_RANGE_LOOP_ANALYSIS = YES;
				CLANG_WARN_STRICT_PROTOTYPES = YES;
				CLANG_WARN_SUSPICIOUS_MOVE = YES;
				CLANG_WARN_UNGUARDED_AVAILABILITY = YES_AGGRESSIVE;
				CLANG_WARN_UNREACHABLE_CODE = YES;
				CLANG_WARN__DUPLICATE_METHOD_MATCH = YES;
				COPY_PHASE_STRIP = NO;
				DEBUG_INFORMATION_FORMAT = "dwarf-with-dsym";
				ENABLE_NS_ASSERTIONS = NO;
				ENABLE_STRICT_OBJC_MSGSEND = YES;
				ENABLE_USER_SCRIPT_SANDBOXING = YES;
				GCC_C_LANGUAGE_STANDARD = gnu17;
				GCC_NO_COMMON_BLOCKS = YES;
				GCC_WARN_64_TO_32_BIT_CONVERSION = YES;
				GCC_WARN_ABOUT_RETURN_TYPE = YES_ERROR;
				GCC_WARN_UNDECLARED_SELECTOR = YES;
				GCC_WARN_UNINITIALIZED_AUTOS = YES_AGGRESSIVE;
				GCC_WARN_UNUSED_FUNCTION = YES;
				GCC_WARN_UNUSED_VARIABLE = YES;
				IPHONEOS_DEPLOYMENT_TARGET = 17.5;
				LOCALIZATION_PREFERS_STRING_CATALOGS = YES;
				MTL_ENABLE_DEBUG_INFO = NO;
				MTL_FAST_MATH = YES;
				SDKROOT = iphoneos;
				SWIFT_COMPILATION_MODE = wholemodule;
				VALIDATE_PRODUCT = YES;
			};
			name = Release;
		};
		09A5B8E42C371DE200AA1DFF /* Debug */ = {
			isa = XCBuildConfiguration;
			buildSettings = {
				ASSETCATALOG_COMPILER_APPICON_NAME = AppIcon;
				ASSETCATALOG_COMPILER_GLOBAL_ACCENT_COLOR_NAME = AccentColor;
				CODE_SIGN_ENTITLEMENTS = thermostatter/thermostatter.entitlements;
				CODE_SIGN_STYLE = Automatic;
				CURRENT_PROJECT_VERSION = 1;
				DEVELOPMENT_ASSET_PATHS = "\"thermostatter/Preview Content\"";
				DEVELOPMENT_TEAM = 6BC6H674Y3;
				ENABLE_PREVIEWS = YES;
				GENERATE_INFOPLIST_FILE = YES;
				INFOPLIST_FILE = thermostatter/Info.plist;
				INFOPLIST_KEY_CFBundleDisplayName = Thermostatter;
				INFOPLIST_KEY_LSApplicationCategoryType = "public.app-category.utilities";
				INFOPLIST_KEY_NSBluetoothAlwaysUsageDescription = "To connect to thermostat";
				INFOPLIST_KEY_UIApplicationSceneManifest_Generation = YES;
				INFOPLIST_KEY_UIApplicationSupportsIndirectInputEvents = YES;
				INFOPLIST_KEY_UILaunchScreen_Generation = YES;
				INFOPLIST_KEY_UISupportedInterfaceOrientations = UIInterfaceOrientationPortrait;
				LD_RUNPATH_SEARCH_PATHS = (
					"$(inherited)",
					"@executable_path/Frameworks",
				);
				MARKETING_VERSION = 1.0;
				PRODUCT_BUNDLE_IDENTIFIER = com.wolfeydev.thermostatter;
				PRODUCT_NAME = "$(TARGET_NAME)";
				SWIFT_EMIT_LOC_STRINGS = YES;
				SWIFT_VERSION = 5.0;
				TARGETED_DEVICE_FAMILY = "1,2";
			};
			name = Debug;
		};
		09A5B8E52C371DE200AA1DFF /* Release */ = {
			isa = XCBuildConfiguration;
			buildSettings = {
				ASSETCATALOG_COMPILER_APPICON_NAME = AppIcon;
				ASSETCATALOG_COMPILER_GLOBAL_ACCENT_COLOR_NAME = AccentColor;
				CODE_SIGN_ENTITLEMENTS = thermostatter/thermostatter.entitlements;
				CODE_SIGN_STYLE = Automatic;
				CURRENT_PROJECT_VERSION = 1;
				DEVELOPMENT_ASSET_PATHS = "\"thermostatter/Preview Content\"";
				DEVELOPMENT_TEAM = 6BC6H674Y3;
				ENABLE_PREVIEWS = YES;
				GENERATE_INFOPLIST_FILE = YES;
				INFOPLIST_FILE = thermostatter/Info.plist;
				INFOPLIST_KEY_CFBundleDisplayName = Thermostatter;
				INFOPLIST_KEY_LSApplicationCategoryType = "public.app-category.utilities";
				INFOPLIST_KEY_NSBluetoothAlwaysUsageDescription = "To connect to thermostat";
				INFOPLIST_KEY_UIApplicationSceneManifest_Generation = YES;
				INFOPLIST_KEY_UIApplicationSupportsIndirectInputEvents = YES;
				INFOPLIST_KEY_UILaunchScreen_Generation = YES;
				INFOPLIST_KEY_UISupportedInterfaceOrientations = UIInterfaceOrientationPortrait;
				LD_RUNPATH_SEARCH_PATHS = (
					"$(inherited)",
					"@executable_path/Frameworks",
				);
				MARKETING_VERSION = 1.0;
				PRODUCT_BUNDLE_IDENTIFIER = com.wolfeydev.thermostatter;
				PRODUCT_NAME = "$(TARGET_NAME)";
				SWIFT_EMIT_LOC_STRINGS = YES;
				SWIFT_VERSION = 5.0;
				TARGETED_DEVICE_FAMILY = "1,2";
			};
			name = Release;
		};
/* End XCBuildConfiguration section */

/* Begin XCConfigurationList section */
		09A5B8CE2C371DE100AA1DFF /* Build configuration list for PBXProject "thermostatter" */ = {
			isa = XCConfigurationList;
			buildConfigurations = (
				09A5B8E12C371DE200AA1DFF /* Debug */,
				09A5B8E22C371DE200AA1DFF /* Release */,
			);
			defaultConfigurationIsVisible = 0;
			defaultConfigurationName = Release;
		};
		09A5B8E32C371DE200AA1DFF /* Build configuration list for PBXNativeTarget "thermostatter" */ = {
			isa = XCConfigurationList;
			buildConfigurations = (
				09A5B8E42C371DE200AA1DFF /* Debug */,
				09A5B8E52C371DE200AA1DFF /* Release */,
			);
			defaultConfigurationIsVisible = 0;
			defaultConfigurationName = Release;
		};
/* End XCConfigurationList section */
	};
	rootObject = 09A5B8CB2C371DE100AA1DFF /* Project object */;
}
